
Microsoft Visual Studio Solution File, Format Version 12.00
# Visual Studio 14
VisualStudioVersion = 14.0.25420.1
MinimumVisualStudioVersion = 10.0.40219.1
Project("{FAE04EC0-301F-11D3-BF4B-00C04F79EFBC}") = "AgrotouristicWebApplication", "AgrotouristicWebApplication\AgrotouristicWebApplication.csproj", "{9B3BDE69-FBEE-4942-80DF-7F424C8283FF}"
EndProject
Project("{FAE04EC0-301F-11D3-BF4B-00C04F79EFBC}") = "AgrotouristicWebApplication.Tests", "AgrotouristicWebApplication.Tests\AgrotouristicWebApplication.Tests.csproj", "{0C604FBF-03F1-4B68-906C-D7FEA4C06E28}"
EndProject
Project("{FAE04EC0-301F-11D3-BF4B-00C04F79EFBC}") = "Repository", "Repository\Repository.csproj", "{8567A3D5-6FD3-4713-AFB5-2297CD8792C9}"
EndProject
Global
	GlobalSection(SolutionConfigurationPlatforms) = preSolution
		Debug|Any CPU = Debug|Any CPU
		Release|Any CPU = Release|Any CPU
	EndGlobalSection
	GlobalSection(ProjectConfigurationPlatforms) = postSolution
		{9B3BDE69-FBEE-4942-80DF-7F424C8283FF}.Debug|Any CPU.ActiveCfg = Debug|Any CPU
		{9B3BDE69-FBEE-4942-80DF-7F424C8283FF}.Debug|Any CPU.Build.0 = Debug|Any CPU
		{9B3BDE69-FBEE-4942-80DF-7F424C8283FF}.Release|Any CPU.ActiveCfg = Release|Any CPU
		{9B3BDE69-FBEE-4942-80DF-7F424C8283FF}.Release|Any CPU.Build.0 = Release|Any CPU
		{0C604FBF-03F1-4B68-906C-D7FEA4C06E28}.Debug|Any CPU.ActiveCfg = Debug|Any CPU
		{0C604FBF-03F1-4B68-906C-D7FEA4C06E28}.Debug|Any CPU.Build.0 = Debug|Any CPU
		{0C604FBF-03F1-4B68-906C-D7FEA4C06E28}.Release|Any CPU.ActiveCfg = Release|Any CPU
		{0C604FBF-03F1-4B68-906C-D7FEA4C06E28}.Release|Any CPU.Build.0 = Release|Any CPU
		{8567A3D5-6FD3-4713-AFB5-2297CD8792C9}.Debug|Any CPU.ActiveCfg = Debug|Any CPU
		{8567A3D5-6FD3-4713-AFB5-2297CD8792C9}.Debug|Any CPU.Build.0 = Debug|Any CPU
		{8567A3D5-6FD3-4713-AFB5-2297CD8792C9}.Release|Any CPU.ActiveCfg = Release|Any CPU
		{8567A3D5-6FD3-4713-AFB5-2297CD8792C9}.Release|Any CPU.Build.0 = Release|Any CPU
	EndGlobalSection
	GlobalSection(SolutionProperties) = preSolution
		HideSolutionNode = FALSE
	EndGlobalSection
EndGlobal
